
Microsoft Visual Studio Solution File, Format Version 12.00
# Visual Studio Version 17
VisualStudioVersion = 17.3.32901.215
MinimumVisualStudioVersion = 10.0.40219.1
Project("{FAE04EC0-301F-11D3-BF4B-00C04F79EFBC}") = "BlazorWebAssemblyWithJavascript", "BlazorWebAssemblyWithJavascript\BlazorWebAssemblyWithJavascript.csproj", "{0F645C57-689A-4CEE-A0FC-9C5BCAA2D32D}"
EndProject
Global
	GlobalSection(SolutionConfigurationPlatforms) = preSolution
		Debug|Any CPU = Debug|Any CPU
		Release|Any CPU = Release|Any CPU
	EndGlobalSection
	GlobalSection(ProjectConfigurationPlatforms) = postSolution
		{0F645C57-689A-4CEE-A0FC-9C5BCAA2D32D}.Debug|Any CPU.ActiveCfg = Debug|Any CPU
		{0F645C57-689A-4CEE-A0FC-9C5BCAA2D32D}.Debug|Any CPU.Build.0 = Debug|Any CPU
		{0F645C57-689A-4CEE-A0FC-9C5BCAA2D32D}.Release|Any CPU.ActiveCfg = Release|Any CPU
		{0F645C57-689A-4CEE-A0FC-9C5BCAA2D32D}.Release|Any CPU.Build.0 = Release|Any CPU
	EndGlobalSection
	GlobalSection(SolutionProperties) = preSolution
		HideSolutionNode = FALSE
	EndGlobalSection
	GlobalSection(ExtensibilityGlobals) = postSolution
		SolutionGuid = {54484AFB-23B1-42CF-B584-3E2C512F0E77}
	EndGlobalSection
EndGlobal
